
Microsoft Visual Studio Solution File, Format Version 12.00
# Visual Studio Version 17
VisualStudioVersion = 17.2.32516.85
MinimumVisualStudioVersion = 10.0.40219.1
Project("{9A19103F-16F7-4668-BE54-9A1E7A4F7556}") = "Exif test project", "Server\Exif test project\Exif test project.csproj", "{48276E14-45C3-4B52-8A0E-BC2EA61479A5}"
EndProject
Project("{888888A0-9F3D-457C-B088-3A5042F75D52}") = "Webscraper", "Server\Webscraper\Webscraper.pyproj", "{B376FDFB-2F1B-40BB-AD68-2AFAA14DFAB4}"
EndProject
Project("{888888A0-9F3D-457C-B088-3A5042F75D52}") = "Python server", "Server\Python server\Python server.pyproj", "{DD820957-E76E-4218-86CB-FC0483A6FA8F}"
EndProject
Project("{9092AA53-FB77-4645-B42D-1CCCA6BD08BD}") = "WebExtension", "WebExtension\WebExtension.njsproj", "{BE350F21-40D7-49D7-B173-FA4456F084D2}"
EndProject
Project("{FAE04EC0-301F-11D3-BF4B-00C04F79EFBC}") = "Image comparer test project (.net framework)", "Server\Image comparer test project (.net framework)\Image comparer test project (.net framework).csproj", "{DEA38624-2C93-40AC-8CCD-0183790CBD5B}"
EndProject
Project("{9A19103F-16F7-4668-BE54-9A1E7A4F7556}") = "ImageSegmentationTrainingsDataCreator", "ImageSegmentationTrainingsDataCreator\ImageSegmentationTrainingsDataCreator.csproj", "{1C808124-40F4-48E4-B741-A8ADD1D4FBE4}"
EndProject
Global
	GlobalSection(SolutionConfigurationPlatforms) = preSolution
		Debug|Any CPU = Debug|Any CPU
		Debug|x64 = Debug|x64
		Debug|x86 = Debug|x86
		Release|Any CPU = Release|Any CPU
		Release|x64 = Release|x64
		Release|x86 = Release|x86
	EndGlobalSection
	GlobalSection(ProjectConfigurationPlatforms) = postSolution
		{48276E14-45C3-4B52-8A0E-BC2EA61479A5}.Debug|Any CPU.ActiveCfg = Debug|Any CPU
		{48276E14-45C3-4B52-8A0E-BC2EA61479A5}.Debug|Any CPU.Build.0 = Debug|Any CPU
		{48276E14-45C3-4B52-8A0E-BC2EA61479A5}.Debug|x64.ActiveCfg = Debug|Any CPU
		{48276E14-45C3-4B52-8A0E-BC2EA61479A5}.Debug|x64.Build.0 = Debug|Any CPU
		{48276E14-45C3-4B52-8A0E-BC2EA61479A5}.Debug|x86.ActiveCfg = Debug|Any CPU
		{48276E14-45C3-4B52-8A0E-BC2EA61479A5}.Debug|x86.Build.0 = Debug|Any CPU
		{48276E14-45C3-4B52-8A0E-BC2EA61479A5}.Release|Any CPU.ActiveCfg = Release|Any CPU
		{48276E14-45C3-4B52-8A0E-BC2EA61479A5}.Release|Any CPU.Build.0 = Release|Any CPU
		{48276E14-45C3-4B52-8A0E-BC2EA61479A5}.Release|x64.ActiveCfg = Release|Any CPU
		{48276E14-45C3-4B52-8A0E-BC2EA61479A5}.Release|x64.Build.0 = Release|Any CPU
		{48276E14-45C3-4B52-8A0E-BC2EA61479A5}.Release|x86.ActiveCfg = Release|Any CPU
		{48276E14-45C3-4B52-8A0E-BC2EA61479A5}.Release|x86.Build.0 = Release|Any CPU
		{B376FDFB-2F1B-40BB-AD68-2AFAA14DFAB4}.Debug|Any CPU.ActiveCfg = Debug|Any CPU
		{B376FDFB-2F1B-40BB-AD68-2AFAA14DFAB4}.Debug|x64.ActiveCfg = Debug|Any CPU
		{B376FDFB-2F1B-40BB-AD68-2AFAA14DFAB4}.Debug|x86.ActiveCfg = Debug|Any CPU
		{B376FDFB-2F1B-40BB-AD68-2AFAA14DFAB4}.Release|Any CPU.ActiveCfg = Release|Any CPU
		{B376FDFB-2F1B-40BB-AD68-2AFAA14DFAB4}.Release|x64.ActiveCfg = Release|Any CPU
		{B376FDFB-2F1B-40BB-AD68-2AFAA14DFAB4}.Release|x86.ActiveCfg = Release|Any CPU
		{DD820957-E76E-4218-86CB-FC0483A6FA8F}.Debug|Any CPU.ActiveCfg = Debug|Any CPU
		{DD820957-E76E-4218-86CB-FC0483A6FA8F}.Debug|x64.ActiveCfg = Debug|Any CPU
		{DD820957-E76E-4218-86CB-FC0483A6FA8F}.Debug|x86.ActiveCfg = Debug|Any CPU
		{DD820957-E76E-4218-86CB-FC0483A6FA8F}.Release|Any CPU.ActiveCfg = Release|Any CPU
		{DD820957-E76E-4218-86CB-FC0483A6FA8F}.Release|x64.ActiveCfg = Release|Any CPU
		{DD820957-E76E-4218-86CB-FC0483A6FA8F}.Release|x86.ActiveCfg = Release|Any CPU
		{BE350F21-40D7-49D7-B173-FA4456F084D2}.Debug|Any CPU.ActiveCfg = Debug|Any CPU
		{BE350F21-40D7-49D7-B173-FA4456F084D2}.Debug|Any CPU.Build.0 = Debug|Any CPU
		{BE350F21-40D7-49D7-B173-FA4456F084D2}.Debug|x64.ActiveCfg = Debug|Any CPU
		{BE350F21-40D7-49D7-B173-FA4456F084D2}.Debug|x64.Build.0 = Debug|Any CPU
		{BE350F21-40D7-49D7-B173-FA4456F084D2}.Debug|x86.ActiveCfg = Debug|Any CPU
		{BE350F21-40D7-49D7-B173-FA4456F084D2}.Debug|x86.Build.0 = Debug|Any CPU
		{BE350F21-40D7-49D7-B173-FA4456F084D2}.Release|Any CPU.ActiveCfg = Release|Any CPU
		{BE350F21-40D7-49D7-B173-FA4456F084D2}.Release|Any CPU.Build.0 = Release|Any CPU
		{BE350F21-40D7-49D7-B173-FA4456F084D2}.Release|x64.ActiveCfg = Release|Any CPU
		{BE350F21-40D7-49D7-B173-FA4456F084D2}.Release|x64.Build.0 = Release|Any CPU
		{BE350F21-40D7-49D7-B173-FA4456F084D2}.Release|x86.ActiveCfg = Release|Any CPU
		{BE350F21-40D7-49D7-B173-FA4456F084D2}.Release|x86.Build.0 = Release|Any CPU
		{DEA38624-2C93-40AC-8CCD-0183790CBD5B}.Debug|Any CPU.ActiveCfg = Debug|Any CPU
		{DEA38624-2C93-40AC-8CCD-0183790CBD5B}.Debug|Any CPU.Build.0 = Debug|Any CPU
		{DEA38624-2C93-40AC-8CCD-0183790CBD5B}.Debug|x64.ActiveCfg = Debug|x64
		{DEA38624-2C93-40AC-8CCD-0183790CBD5B}.Debug|x64.Build.0 = Debug|x64
		{DEA38624-2C93-40AC-8CCD-0183790CBD5B}.Debug|x86.ActiveCfg = Debug|x86
		{DEA38624-2C93-40AC-8CCD-0183790CBD5B}.Debug|x86.Build.0 = Debug|x86
		{DEA38624-2C93-40AC-8CCD-0183790CBD5B}.Release|Any CPU.ActiveCfg = Release|Any CPU
		{DEA38624-2C93-40AC-8CCD-0183790CBD5B}.Release|Any CPU.Build.0 = Release|Any CPU
		{DEA38624-2C93-40AC-8CCD-0183790CBD5B}.Release|x64.ActiveCfg = Release|x64
		{DEA38624-2C93-40AC-8CCD-0183790CBD5B}.Release|x64.Build.0 = Release|x64
		{DEA38624-2C93-40AC-8CCD-0183790CBD5B}.Release|x86.ActiveCfg = Release|x86
		{DEA38624-2C93-40AC-8CCD-0183790CBD5B}.Release|x86.Build.0 = Release|x86
		{1C808124-40F4-48E4-B741-A8ADD1D4FBE4}.Debug|Any CPU.ActiveCfg = Debug|Any CPU
		{1C808124-40F4-48E4-B741-A8ADD1D4FBE4}.Debug|Any CPU.Build.0 = Debug|Any CPU
		{1C808124-40F4-48E4-B741-A8ADD1D4FBE4}.Debug|x64.ActiveCfg = Debug|Any CPU
		{1C808124-40F4-48E4-B741-A8ADD1D4FBE4}.Debug|x64.Build.0 = Debug|Any CPU
		{1C808124-40F4-48E4-B741-A8ADD1D4FBE4}.Debug|x86.ActiveCfg = Debug|Any CPU
		{1C808124-40F4-48E4-B741-A8ADD1D4FBE4}.Debug|x86.Build.0 = Debug|Any CPU
		{1C808124-40F4-48E4-B741-A8ADD1D4FBE4}.Release|Any CPU.ActiveCfg = Release|Any CPU
		{1C808124-40F4-48E4-B741-A8ADD1D4FBE4}.Release|Any CPU.Build.0 = Release|Any CPU
		{1C808124-40F4-48E4-B741-A8ADD1D4FBE4}.Release|x64.ActiveCfg = Release|Any CPU
		{1C808124-40F4-48E4-B741-A8ADD1D4FBE4}.Release|x64.Build.0 = Release|Any CPU
		{1C808124-40F4-48E4-B741-A8ADD1D4FBE4}.Release|x86.ActiveCfg = Release|Any CPU
		{1C808124-40F4-48E4-B741-A8ADD1D4FBE4}.Release|x86.Build.0 = Release|Any CPU
	EndGlobalSection
	GlobalSection(SolutionProperties) = preSolution
		HideSolutionNode = FALSE
	EndGlobalSection
	GlobalSection(ExtensibilityGlobals) = postSolution
		SolutionGuid = {E26D31C5-5DD3-464C-9E45-F108C0643FA3}
	EndGlobalSection
EndGlobal
